
Microsoft Visual Studio Solution File, Format Version 12.00
# Visual Studio 15
VisualStudioVersion = 15.0.28307.705
MinimumVisualStudioVersion = 10.0.40219.1
Project("{FAE04EC0-301F-11D3-BF4B-00C04F79EFBC}") = "appNombre.Android", "appNombre\appNombre.Android\appNombre.Android.csproj", "{C0A5CEAF-F540-4324-B993-560C83DBD35E}"
EndProject
Project("{FAE04EC0-301F-11D3-BF4B-00C04F79EFBC}") = "appNombre.iOS", "appNombre\appNombre.iOS\appNombre.iOS.csproj", "{E36C35DF-9575-4D2F-9470-41A3FF53DD70}"
EndProject
Project("{FAE04EC0-301F-11D3-BF4B-00C04F79EFBC}") = "appNombre", "appNombre\appNombre\appNombre.csproj", "{700E6DB1-0FA5-43CF-8D1E-5F3209AF8C5A}"
EndProject
Global
	GlobalSection(SolutionConfigurationPlatforms) = preSolution
		Ad-Hoc|Any CPU = Ad-Hoc|Any CPU
		Ad-Hoc|iPhone = Ad-Hoc|iPhone
		Ad-Hoc|iPhoneSimulator = Ad-Hoc|iPhoneSimulator
		AppStore|Any CPU = AppStore|Any CPU
		AppStore|iPhone = AppStore|iPhone
		AppStore|iPhoneSimulator = AppStore|iPhoneSimulator
		Debug|Any CPU = Debug|Any CPU
		Debug|iPhone = Debug|iPhone
		Debug|iPhoneSimulator = Debug|iPhoneSimulator
		Release|Any CPU = Release|Any CPU
		Release|iPhone = Release|iPhone
		Release|iPhoneSimulator = Release|iPhoneSimulator
	EndGlobalSection
	GlobalSection(ProjectConfigurationPlatforms) = postSolution
		{C0A5CEAF-F540-4324-B993-560C83DBD35E}.Ad-Hoc|Any CPU.ActiveCfg = Release|Any CPU
		{C0A5CEAF-F540-4324-B993-560C83DBD35E}.Ad-Hoc|Any CPU.Build.0 = Release|Any CPU
		{C0A5CEAF-F540-4324-B993-560C83DBD35E}.Ad-Hoc|Any CPU.Deploy.0 = Release|Any CPU
		{C0A5CEAF-F540-4324-B993-560C83DBD35E}.Ad-Hoc|iPhone.ActiveCfg = Release|Any CPU
		{C0A5CEAF-F540-4324-B993-560C83DBD35E}.Ad-Hoc|iPhone.Build.0 = Release|Any CPU
		{C0A5CEAF-F540-4324-B993-560C83DBD35E}.Ad-Hoc|iPhone.Deploy.0 = Release|Any CPU
		{C0A5CEAF-F540-4324-B993-560C83DBD35E}.Ad-Hoc|iPhoneSimulator.ActiveCfg = Release|Any CPU
		{C0A5CEAF-F540-4324-B993-560C83DBD35E}.Ad-Hoc|iPhoneSimulator.Build.0 = Release|Any CPU
		{C0A5CEAF-F540-4324-B993-560C83DBD35E}.Ad-Hoc|iPhoneSimulator.Deploy.0 = Release|Any CPU
		{C0A5CEAF-F540-4324-B993-560C83DBD35E}.AppStore|Any CPU.ActiveCfg = Release|Any CPU
		{C0A5CEAF-F540-4324-B993-560C83DBD35E}.AppStore|Any CPU.Build.0 = Release|Any CPU
		{C0A5CEAF-F540-4324-B993-560C83DBD35E}.AppStore|Any CPU.Deploy.0 = Release|Any CPU
		{C0A5CEAF-F540-4324-B993-560C83DBD35E}.AppStore|iPhone.ActiveCfg = Release|Any CPU
		{C0A5CEAF-F540-4324-B993-560C83DBD35E}.AppStore|iPhone.Build.0 = Release|Any CPU
		{C0A5CEAF-F540-4324-B993-560C83DBD35E}.AppStore|iPhone.Deploy.0 = Release|Any CPU
		{C0A5CEAF-F540-4324-B993-560C83DBD35E}.AppStore|iPhoneSimulator.ActiveCfg = Release|Any CPU
		{C0A5CEAF-F540-4324-B993-560C83DBD35E}.AppStore|iPhoneSimulator.Build.0 = Release|Any CPU
		{C0A5CEAF-F540-4324-B993-560C83DBD35E}.AppStore|iPhoneSimulator.Deploy.0 = Release|Any CPU
		{C0A5CEAF-F540-4324-B993-560C83DBD35E}.Debug|Any CPU.ActiveCfg = Debug|Any CPU
		{C0A5CEAF-F540-4324-B993-560C83DBD35E}.Debug|Any CPU.Build.0 = Debug|Any CPU
		{C0A5CEAF-F540-4324-B993-560C83DBD35E}.Debug|Any CPU.Deploy.0 = Debug|Any CPU
		{C0A5CEAF-F540-4324-B993-560C83DBD35E}.Debug|iPhone.ActiveCfg = Debug|Any CPU
		{C0A5CEAF-F540-4324-B993-560C83DBD35E}.Debug|iPhone.Build.0 = Debug|Any CPU
		{C0A5CEAF-F540-4324-B993-560C83DBD35E}.Debug|iPhone.Deploy.0 = Debug|Any CPU
		{C0A5CEAF-F540-4324-B993-560C83DBD35E}.Debug|iPhoneSimulator.ActiveCfg = Debug|Any CPU
		{C0A5CEAF-F540-4324-B993-560C83DBD35E}.Debug|iPhoneSimulator.Build.0 = Debug|Any CPU
		{C0A5CEAF-F540-4324-B993-560C83DBD35E}.Debug|iPhoneSimulator.Deploy.0 = Debug|Any CPU
		{C0A5CEAF-F540-4324-B993-560C83DBD35E}.Release|Any CPU.ActiveCfg = Release|Any CPU
		{C0A5CEAF-F540-4324-B993-560C83DBD35E}.Release|Any CPU.Build.0 = Release|Any CPU
		{C0A5CEAF-F540-4324-B993-560C83DBD35E}.Release|Any CPU.Deploy.0 = Release|Any CPU
		{C0A5CEAF-F540-4324-B993-560C83DBD35E}.Release|iPhone.ActiveCfg = Release|Any CPU
		{C0A5CEAF-F540-4324-B993-560C83DBD35E}.Release|iPhone.Build.0 = Release|Any CPU
		{C0A5CEAF-F540-4324-B993-560C83DBD35E}.Release|iPhone.Deploy.0 = Release|Any CPU
		{C0A5CEAF-F540-4324-B993-560C83DBD35E}.Release|iPhoneSimulator.ActiveCfg = Release|Any CPU
		{C0A5CEAF-F540-4324-B993-560C83DBD35E}.Release|iPhoneSimulator.Build.0 = Release|Any CPU
		{C0A5CEAF-F540-4324-B993-560C83DBD35E}.Release|iPhoneSimulator.Deploy.0 = Release|Any CPU
		{E36C35DF-9575-4D2F-9470-41A3FF53DD70}.Ad-Hoc|Any CPU.ActiveCfg = Ad-Hoc|iPhone
		{E36C35DF-9575-4D2F-9470-41A3FF53DD70}.Ad-Hoc|Any CPU.Build.0 = Ad-Hoc|iPhone
		{E36C35DF-9575-4D2F-9470-41A3FF53DD70}.Ad-Hoc|Any CPU.Deploy.0 = Ad-Hoc|iPhone
		{E36C35DF-9575-4D2F-9470-41A3FF53DD70}.Ad-Hoc|iPhone.ActiveCfg = Ad-Hoc|iPhone
		{E36C35DF-9575-4D2F-9470-41A3FF53DD70}.Ad-Hoc|iPhone.Build.0 = Ad-Hoc|iPhone
		{E36C35DF-9575-4D2F-9470-41A3FF53DD70}.Ad-Hoc|iPhone.Deploy.0 = Ad-Hoc|iPhone
		{E36C35DF-9575-4D2F-9470-41A3FF53DD70}.Ad-Hoc|iPhoneSimulator.ActiveCfg = Ad-Hoc|iPhoneSimulator
		{E36C35DF-9575-4D2F-9470-41A3FF53DD70}.Ad-Hoc|iPhoneSimulator.Build.0 = Ad-Hoc|iPhoneSimulator
		{E36C35DF-9575-4D2F-9470-41A3FF53DD70}.Ad-Hoc|iPhoneSimulator.Deploy.0 = Ad-Hoc|iPhoneSimulator
		{E36C35DF-9575-4D2F-9470-41A3FF53DD70}.AppStore|Any CPU.ActiveCfg = AppStore|iPhone
		{E36C35DF-9575-4D2F-9470-41A3FF53DD70}.AppStore|Any CPU.Build.0 = AppStore|iPhone
		{E36C35DF-9575-4D2F-9470-41A3FF53DD70}.AppStore|Any CPU.Deploy.0 = AppStore|iPhone
		{E36C35DF-9575-4D2F-9470-41A3FF53DD70}.AppStore|iPhone.ActiveCfg = AppStore|iPhone
		{E36C35DF-9575-4D2F-9470-41A3FF53DD70}.AppStore|iPhone.Build.0 = AppStore|iPhone
		{E36C35DF-9575-4D2F-9470-41A3FF53DD70}.AppStore|iPhone.Deploy.0 = AppStore|iPhone
		{E36C35DF-9575-4D2F-9470-41A3FF53DD70}.AppStore|iPhoneSimulator.ActiveCfg = AppStore|iPhoneSimulator
		{E36C35DF-9575-4D2F-9470-41A3FF53DD70}.AppStore|iPhoneSimulator.Build.0 = AppStore|iPhoneSimulator
		{E36C35DF-9575-4D2F-9470-41A3FF53DD70}.AppStore|iPhoneSimulator.Deploy.0 = AppStore|iPhoneSimulator
		{E36C35DF-9575-4D2F-9470-41A3FF53DD70}.Debug|Any CPU.ActiveCfg = Debug|iPhoneSimulator
		{E36C35DF-9575-4D2F-9470-41A3FF53DD70}.Debug|Any CPU.Build.0 = Debug|iPhoneSimulator
		{E36C35DF-9575-4D2F-9470-41A3FF53DD70}.Debug|Any CPU.Deploy.0 = Debug|iPhoneSimulator
		{E36C35DF-9575-4D2F-9470-41A3FF53DD70}.Debug|iPhone.ActiveCfg = Debug|iPhone
		{E36C35DF-9575-4D2F-9470-41A3FF53DD70}.Debug|iPhone.Build.0 = Debug|iPhone
		{E36C35DF-9575-4D2F-9470-41A3FF53DD70}.Debug|iPhone.Deploy.0 = Debug|iPhone
		{E36C35DF-9575-4D2F-9470-41A3FF53DD70}.Debug|iPhoneSimulator.ActiveCfg = Debug|iPhoneSimulator
		{E36C35DF-9575-4D2F-9470-41A3FF53DD70}.Debug|iPhoneSimulator.Build.0 = Debug|iPhoneSimulator
		{E36C35DF-9575-4D2F-9470-41A3FF53DD70}.Debug|iPhoneSimulator.Deploy.0 = Debug|iPhoneSimulator
		{E36C35DF-9575-4D2F-9470-41A3FF53DD70}.Release|Any CPU.ActiveCfg = Release|iPhone
		{E36C35DF-9575-4D2F-9470-41A3FF53DD70}.Release|Any CPU.Build.0 = Release|iPhone
		{E36C35DF-9575-4D2F-9470-41A3FF53DD70}.Release|Any CPU.Deploy.0 = Release|iPhone
		{E36C35DF-9575-4D2F-9470-41A3FF53DD70}.Release|iPhone.ActiveCfg = Release|iPhone
		{E36C35DF-9575-4D2F-9470-41A3FF53DD70}.Release|iPhone.Build.0 = Release|iPhone
		{E36C35DF-9575-4D2F-9470-41A3FF53DD70}.Release|iPhone.Deploy.0 = Release|iPhone
		{E36C35DF-9575-4D2F-9470-41A3FF53DD70}.Release|iPhoneSimulator.ActiveCfg = Release|iPhoneSimulator
		{E36C35DF-9575-4D2F-9470-41A3FF53DD70}.Release|iPhoneSimulator.Build.0 = Release|iPhoneSimulator
		{E36C35DF-9575-4D2F-9470-41A3FF53DD70}.Release|iPhoneSimulator.Deploy.0 = Release|iPhoneSimulator
		{700E6DB1-0FA5-43CF-8D1E-5F3209AF8C5A}.Ad-Hoc|Any CPU.ActiveCfg = Debug|Any CPU
		{700E6DB1-0FA5-43CF-8D1E-5F3209AF8C5A}.Ad-Hoc|Any CPU.Build.0 = Debug|Any CPU
		{700E6DB1-0FA5-43CF-8D1E-5F3209AF8C5A}.Ad-Hoc|Any CPU.Deploy.0 = Debug|Any CPU
		{700E6DB1-0FA5-43CF-8D1E-5F3209AF8C5A}.Ad-Hoc|iPhone.ActiveCfg = Debug|Any CPU
		{700E6DB1-0FA5-43CF-8D1E-5F3209AF8C5A}.Ad-Hoc|iPhone.Build.0 = Debug|Any CPU
		{700E6DB1-0FA5-43CF-8D1E-5F3209AF8C5A}.Ad-Hoc|iPhone.Deploy.0 = Debug|Any CPU
		{700E6DB1-0FA5-43CF-8D1E-5F3209AF8C5A}.Ad-Hoc|iPhoneSimulator.ActiveCfg = Debug|Any CPU
		{700E6DB1-0FA5-43CF-8D1E-5F3209AF8C5A}.Ad-Hoc|iPhoneSimulator.Build.0 = Debug|Any CPU
		{700E6DB1-0FA5-43CF-8D1E-5F3209AF8C5A}.Ad-Hoc|iPhoneSimulator.Deploy.0 = Debug|Any CPU
		{700E6DB1-0FA5-43CF-8D1E-5F3209AF8C5A}.AppStore|Any CPU.ActiveCfg = Debug|Any CPU
		{700E6DB1-0FA5-43CF-8D1E-5F3209AF8C5A}.AppStore|Any CPU.Build.0 = Debug|Any CPU
		{700E6DB1-0FA5-43CF-8D1E-5F3209AF8C5A}.AppStore|Any CPU.Deploy.0 = Debug|Any CPU
		{700E6DB1-0FA5-43CF-8D1E-5F3209AF8C5A}.AppStore|iPhone.ActiveCfg = Debug|Any CPU
		{700E6DB1-0FA5-43CF-8D1E-5F3209AF8C5A}.AppStore|iPhone.Build.0 = Debug|Any CPU
		{700E6DB1-0FA5-43CF-8D1E-5F3209AF8C5A}.AppStore|iPhone.Deploy.0 = Debug|Any CPU
		{700E6DB1-0FA5-43CF-8D1E-5F3209AF8C5A}.AppStore|iPhoneSimulator.ActiveCfg = Debug|Any CPU
		{700E6DB1-0FA5-43CF-8D1E-5F3209AF8C5A}.AppStore|iPhoneSimulator.Build.0 = Debug|Any CPU
		{700E6DB1-0FA5-43CF-8D1E-5F3209AF8C5A}.AppStore|iPhoneSimulator.Deploy.0 = Debug|Any CPU
		{700E6DB1-0FA5-43CF-8D1E-5F3209AF8C5A}.Debug|Any CPU.ActiveCfg = Debug|Any CPU
		{700E6DB1-0FA5-43CF-8D1E-5F3209AF8C5A}.Debug|Any CPU.Build.0 = Debug|Any CPU
		{700E6DB1-0FA5-43CF-8D1E-5F3209AF8C5A}.Debug|Any CPU.Deploy.0 = Debug|Any CPU
		{700E6DB1-0FA5-43CF-8D1E-5F3209AF8C5A}.Debug|iPhone.ActiveCfg = Debug|Any CPU
		{700E6DB1-0FA5-43CF-8D1E-5F3209AF8C5A}.Debug|iPhone.Build.0 = Debug|Any CPU
		{700E6DB1-0FA5-43CF-8D1E-5F3209AF8C5A}.Debug|iPhone.Deploy.0 = Debug|Any CPU
		{700E6DB1-0FA5-43CF-8D1E-5F3209AF8C5A}.Debug|iPhoneSimulator.ActiveCfg = Debug|Any CPU
		{700E6DB1-0FA5-43CF-8D1E-5F3209AF8C5A}.Debug|iPhoneSimulator.Build.0 = Debug|Any CPU
		{700E6DB1-0FA5-43CF-8D1E-5F3209AF8C5A}.Debug|iPhoneSimulator.Deploy.0 = Debug|Any CPU
		{700E6DB1-0FA5-43CF-8D1E-5F3209AF8C5A}.Release|Any CPU.ActiveCfg = Release|Any CPU
		{700E6DB1-0FA5-43CF-8D1E-5F3209AF8C5A}.Release|Any CPU.Build.0 = Release|Any CPU
		{700E6DB1-0FA5-43CF-8D1E-5F3209AF8C5A}.Release|Any CPU.Deploy.0 = Release|Any CPU
		{700E6DB1-0FA5-43CF-8D1E-5F3209AF8C5A}.Release|iPhone.ActiveCfg = Release|Any CPU
		{700E6DB1-0FA5-43CF-8D1E-5F3209AF8C5A}.Release|iPhone.Build.0 = Release|Any CPU
		{700E6DB1-0FA5-43CF-8D1E-5F3209AF8C5A}.Release|iPhone.Deploy.0 = Release|Any CPU
		{700E6DB1-0FA5-43CF-8D1E-5F3209AF8C5A}.Release|iPhoneSimulator.ActiveCfg = Release|Any CPU
		{700E6DB1-0FA5-43CF-8D1E-5F3209AF8C5A}.Release|iPhoneSimulator.Build.0 = Release|Any CPU
		{700E6DB1-0FA5-43CF-8D1E-5F3209AF8C5A}.Release|iPhoneSimulator.Deploy.0 = Release|Any CPU
	EndGlobalSection
	GlobalSection(SolutionProperties) = preSolution
		HideSolutionNode = FALSE
	EndGlobalSection
	GlobalSection(ExtensibilityGlobals) = postSolution
		SolutionGuid = {5C2F08A5-10FE-4FD6-B1C2-378BD615DAAB}
	EndGlobalSection
EndGlobal
